<?xml version="1.0" encoding="utf-8"?>
<Project ToolsVersion="4.0" xmlns="http://schemas.microsoft.com/developer/msbuild/2003">
  <ItemGroup>
    <ClInclude Include="BasicInfo.h" />
    <ClInclude Include="Tool.h" />
    <ClInclude Include="DataEncoding.h" />
    <ClInclude Include="ModeEncoding.h" />
    <ClInclude Include="QRCodeException.h" />
    <ClInclude Include="Limit.h" />
    <ClInclude Include="CorrectionEncoding.h" />
    <ClInclude Include="Alpha.h" />
  </ItemGroup>
  <ItemGroup>
    <ClCompile Include="BasicInfo.cpp" />
    <ClCompile Include="main.cpp" />
    <ClCompile Include="Tool.cpp" />
    <ClCompile Include="DataEncoding.cpp" />
    <ClCompile Include="ModeEncoding.cpp" />
    <ClCompile Include="QRCodeException.cpp" />
    <ClCompile Include="Limit.cpp" />
    <ClCompile Include="CorrectionEncoding.cpp" />
    <ClCompile Include="Alpha.cpp" />
  </ItemGroup>
</Project>