<?xml version="1.0" encoding="utf-8"?>
<Project ToolsVersion="4.0" xmlns="http://schemas.microsoft.com/developer/msbuild/2003">
  <ItemGroup>
    <ClInclude Include="BasicInfo.h" />
    <ClInclude Include="Mode_Encoding.h" />
    <ClInclude Include="Tool.h" />
    <ClInclude Include="Data_Encoding.h" />
  </ItemGroup>
  <ItemGroup>
    <ClCompile Include="BasicInfo.cpp" />
    <ClCompile Include="Mode_Encoding.cpp" />
    <ClCompile Include="main.cpp" />
    <ClCompile Include="Tool.cpp" />
    <ClCompile Include="Data_Encoding.cpp" />
  </ItemGroup>
</Project>